
Microsoft Visual Studio Solution File, Format Version 12.00
# Visual Studio 14
VisualStudioVersion = 14.0.25420.1
MinimumVisualStudioVersion = 10.0.40219.1
Project("{FAE04EC0-301F-11D3-BF4B-00C04F79EFBC}") = "GMS.DTO", "GMS.Entity\GMS.DTO.csproj", "{BCD302DF-5183-486C-92B3-78625CFA6B79}"
EndProject
Project("{FAE04EC0-301F-11D3-BF4B-00C04F79EFBC}") = "GMS.Framework", "GMS.Framework\GMS.Framework.csproj", "{497ECEDE-CCC2-4B84-9F3E-ED1FA8E821B1}"
EndProject
Project("{FAE04EC0-301F-11D3-BF4B-00C04F79EFBC}") = "GMS.DAO", "GMS.DAL\GMS.DAO.csproj", "{2A664A34-AD48-4464-8E32-1C6C374A3C42}"
EndProject
Project("{FAE04EC0-301F-11D3-BF4B-00C04F79EFBC}") = "GMS.UI", "GMS.UI\GMS.UI.csproj", "{8613C689-7FFE-47E5-9F1E-CDD52FC3E190}"
EndProject
Global
	GlobalSection(SolutionConfigurationPlatforms) = preSolution
		Debug|Any CPU = Debug|Any CPU
		Release|Any CPU = Release|Any CPU
	EndGlobalSection
	GlobalSection(ProjectConfigurationPlatforms) = postSolution
		{BCD302DF-5183-486C-92B3-78625CFA6B79}.Debug|Any CPU.ActiveCfg = Debug|Any CPU
		{BCD302DF-5183-486C-92B3-78625CFA6B79}.Debug|Any CPU.Build.0 = Debug|Any CPU
		{BCD302DF-5183-486C-92B3-78625CFA6B79}.Release|Any CPU.ActiveCfg = Release|Any CPU
		{BCD302DF-5183-486C-92B3-78625CFA6B79}.Release|Any CPU.Build.0 = Release|Any CPU
		{497ECEDE-CCC2-4B84-9F3E-ED1FA8E821B1}.Debug|Any CPU.ActiveCfg = Debug|Any CPU
		{497ECEDE-CCC2-4B84-9F3E-ED1FA8E821B1}.Debug|Any CPU.Build.0 = Debug|Any CPU
		{497ECEDE-CCC2-4B84-9F3E-ED1FA8E821B1}.Release|Any CPU.ActiveCfg = Release|Any CPU
		{497ECEDE-CCC2-4B84-9F3E-ED1FA8E821B1}.Release|Any CPU.Build.0 = Release|Any CPU
		{2A664A34-AD48-4464-8E32-1C6C374A3C42}.Debug|Any CPU.ActiveCfg = Debug|Any CPU
		{2A664A34-AD48-4464-8E32-1C6C374A3C42}.Debug|Any CPU.Build.0 = Debug|Any CPU
		{2A664A34-AD48-4464-8E32-1C6C374A3C42}.Release|Any CPU.ActiveCfg = Release|Any CPU
		{2A664A34-AD48-4464-8E32-1C6C374A3C42}.Release|Any CPU.Build.0 = Release|Any CPU
		{8613C689-7FFE-47E5-9F1E-CDD52FC3E190}.Debug|Any CPU.ActiveCfg = Release|Any CPU
		{8613C689-7FFE-47E5-9F1E-CDD52FC3E190}.Debug|Any CPU.Build.0 = Release|Any CPU
		{8613C689-7FFE-47E5-9F1E-CDD52FC3E190}.Release|Any CPU.ActiveCfg = Release|Any CPU
		{8613C689-7FFE-47E5-9F1E-CDD52FC3E190}.Release|Any CPU.Build.0 = Release|Any CPU
	EndGlobalSection
	GlobalSection(SolutionProperties) = preSolution
		HideSolutionNode = FALSE
	EndGlobalSection
EndGlobal
